// !$*UTF8*$!
{
	archiveVersion = 1;
	classes = {
	};
	objectVersion = 46;
	objects = {

/* Begin PBXBuildFile section */
		99938B0E1F26BDA000D5A5CC /* AppDelegate.swift in Sources */ = {isa = PBXBuildFile; fileRef = 99938B0D1F26BDA000D5A5CC /* AppDelegate.swift */; };
		99938B101F26BDA000D5A5CC /* ViewController.swift in Sources */ = {isa = PBXBuildFile; fileRef = 99938B0F1F26BDA000D5A5CC /* ViewController.swift */; };
		99938B131F26BDA000D5A5CC /* Main.storyboard in Resources */ = {isa = PBXBuildFile; fileRef = 99938B111F26BDA000D5A5CC /* Main.storyboard */; };
		99938B151F26BDA000D5A5CC /* Assets.xcassets in Resources */ = {isa = PBXBuildFile; fileRef = 99938B141F26BDA000D5A5CC /* Assets.xcassets */; };
		99938B181F26BDA000D5A5CC /* LaunchScreen.storyboard in Resources */ = {isa = PBXBuildFile; fileRef = 99938B161F26BDA000D5A5CC /* LaunchScreen.storyboard */; };
		99938B231F26BDA000D5A5CC /* GettingStartedGithubTests.swift in Sources */ = {isa = PBXBuildFile; fileRef = 99938B221F26BDA000D5A5CC /* GettingStartedGithubTests.swift */; };
		99938B2E1F26BDA000D5A5CC /* GettingStartedGithubUITests.swift in Sources */ = {isa = PBXBuildFile; fileRef = 99938B2D1F26BDA000D5A5CC /* GettingStartedGithubUITests.swift */; };
/* End PBXBuildFile section */

/* Begin PBXContainerItemProxy section */
		99938B1F1F26BDA000D5A5CC /* PBXContainerItemProxy */ = {
			isa = PBXContainerItemProxy;
			containerPortal = 99938B021F26BDA000D5A5CC /* Project object */;
			proxyType = 1;
			remoteGlobalIDString = 99938B091F26BDA000D5A5CC;
			remoteInfo = GettingStartedGithub;
		};
		99938B2A1F26BDA000D5A5CC /* PBXContainerItemProxy */ = {
			isa = PBXContainerItemProxy;
			containerPortal = 99938B021F26BDA000D5A5CC /* Project object */;
			proxyType = 1;
			remoteGlobalIDString = 99938B091F26BDA000D5A5CC;
			remoteInfo = GettingStartedGithub;
		};
/* End PBXContainerItemProxy section */

/* Begin PBXFileReference section */
		99938B0A1F26BDA000D5A5CC /* GettingStartedGithub.app */ = {isa = PBXFileReference; explicitFileType = wrapper.application; includeInIndex = 0; path = GettingStartedGithub.app; sourceTree = BUILT_PRODUCTS_DIR; };
		99938B0D1F26BDA000D5A5CC /* AppDelegate.swift */ = {isa = PBXFileReference; lastKnownFileType = sourcecode.swift; path = AppDelegate.swift; sourceTree = "<group>"; };
		99938B0F1F26BDA000D5A5CC /* ViewController.swift */ = {isa = PBXFileReference; lastKnownFileType = sourcecode.swift; path = ViewController.swift; sourceTree = "<group>"; };
		99938B121F26BDA000D5A5CC /* Base */ = {isa = PBXFileReference; lastKnownFileType = file.storyboard; name = Base; path = Base.lproj/Main.storyboard; sourceTree = "<group>"; };
		99938B141F26BDA000D5A5CC /* Assets.xcassets */ = {isa = PBXFileReference; lastKnownFileType = folder.assetcatalog; path = Assets.xcassets; sourceTree = "<group>"; };
		99938B171F26BDA000D5A5CC /* Base */ = {isa = PBXFileReference; lastKnownFileType = file.storyboard; name = Base; path = Base.lproj/LaunchScreen.storyboard; sourceTree = "<group>"; };
		99938B191F26BDA000D5A5CC /* Info.plist */ = {isa = PBXFileReference; lastKnownFileType = text.plist.xml; path = Info.plist; sourceTree = "<group>"; };
		99938B1E1F26BDA000D5A5CC /* GettingStartedGithubTests.xctest */ = {isa = PBXFileReference; explicitFileType = wrapper.cfbundle; includeInIndex = 0; path = GettingStartedGithubTests.xctest; sourceTree = BUILT_PRODUCTS_DIR; };
		99938B221F26BDA000D5A5CC /* GettingStartedGithubTests.swift */ = {isa = PBXFileReference; lastKnownFileType = sourcecode.swift; path = GettingStartedGithubTests.swift; sourceTree = "<group>"; };
		99938B241F26BDA000D5A5CC /* Info.plist */ = {isa = PBXFileReference; lastKnownFileType = text.plist.xml; path = Info.plist; sourceTree = "<group>"; };
		99938B291F26BDA000D5A5CC /* GettingStartedGithubUITests.xctest */ = {isa = PBXFileReference; explicitFileType = wrapper.cfbundle; includeInIndex = 0; path = GettingStartedGithubUITests.xctest; sourceTree = BUILT_PRODUCTS_DIR; };
		99938B2D1F26BDA000D5A5CC /* GettingStartedGithubUITests.swift */ = {isa = PBXFileReference; lastKnownFileType = sourcecode.swift; path = GettingStartedGithubUITests.swift; sourceTree = "<group>"; };
		99938B2F1F26BDA000D5A5CC /* Info.plist */ = {isa = PBXFileReference; lastKnownFileType = text.plist.xml; path = Info.plist; sourceTree = "<group>"; };
/* End PBXFileReference section */

/* Begin PBXFrameworksBuildPhase section */
		99938B071F26BDA000D5A5CC /* Frameworks */ = {
			isa = PBXFrameworksBuildPhase;
			buildActionMask = 2147483647;
			files = (
			);
			runOnlyForDeploymentPostprocessing = 0;
		};
		99938B1B1F26BDA000D5A5CC /* Frameworks */ = {
			isa = PBXFrameworksBuildPhase;
			buildActionMask = 2147483647;
			files = (
			);
			runOnlyForDeploymentPostprocessing = 0;
		};
		99938B261F26BDA000D5A5CC /* Frameworks */ = {
			isa = PBXFrameworksBuildPhase;
			buildActionMask = 2147483647;
			files = (
			);
			runOnlyForDeploymentPostprocessing = 0;
		};
/* End PBXFrameworksBuildPhase section */

/* Begin PBXGroup section */
		99938B011F26BDA000D5A5CC = {
			isa = PBXGroup;
			children = (
				99938B0C1F26BDA000D5A5CC /* GettingStartedGithub */,
				99938B211F26BDA000D5A5CC /* GettingStartedGithubTests */,
				99938B2C1F26BDA000D5A5CC /* GettingStartedGithubUITests */,
				99938B0B1F26BDA000D5A5CC /* Products */,
			);
			sourceTree = "<group>";
		};
		99938B0B1F26BDA000D5A5CC /* Products */ = {
			isa = PBXGroup;
			children = (
				99938B0A1F26BDA000D5A5CC /* GettingStartedGithub.app */,
				99938B1E1F26BDA000D5A5CC /* GettingStartedGithubTests.xctest */,
				99938B291F26BDA000D5A5CC /* GettingStartedGithubUITests.xctest */,
			);
			name = Products;
			sourceTree = "<group>";
		};
		99938B0C1F26BDA000D5A5CC /* GettingStartedGithub */ = {
			isa = PBXGroup;
			children = (
				99938B0D1F26BDA000D5A5CC /* AppDelegate.swift */,
				99938B0F1F26BDA000D5A5CC /* ViewController.swift */,
				99938B111F26BDA000D5A5CC /* Main.storyboard */,
				99938B141F26BDA000D5A5CC /* Assets.xcassets */,
				99938B161F26BDA000D5A5CC /* LaunchScreen.storyboard */,
				99938B191F26BDA000D5A5CC /* Info.plist */,
			);
			path = GettingStartedGithub;
			sourceTree = "<group>";
		};
		99938B211F26BDA000D5A5CC /* GettingStartedGithubTests */ = {
			isa = PBXGroup;
			children = (
				99938B221F26BDA000D5A5CC /* GettingStartedGithubTests.swift */,
				99938B241F26BDA000D5A5CC /* Info.plist */,
			);
			path = GettingStartedGithubTests;
			sourceTree = "<group>";
		};
		99938B2C1F26BDA000D5A5CC /* GettingStartedGithubUITests */ = {
			isa = PBXGroup;
			children = (
				99938B2D1F26BDA000D5A5CC /* GettingStartedGithubUITests.swift */,
				99938B2F1F26BDA000D5A5CC /* Info.plist */,
			);
			path = GettingStartedGithubUITests;
			sourceTree = "<group>";
		};
/* End PBXGroup section */

/* Begin PBXNativeTarget section */
		99938B091F26BDA000D5A5CC /* GettingStartedGithub */ = {
			isa = PBXNativeTarget;
			buildConfigurationList = 99938B321F26BDA000D5A5CC /* Build configuration list for PBXNativeTarget "GettingStartedGithub" */;
			buildPhases = (
				99938B061F26BDA000D5A5CC /* Sources */,
				99938B071F26BDA000D5A5CC /* Frameworks */,
				99938B081F26BDA000D5A5CC /* Resources */,
			);
			buildRules = (
			);
			dependencies = (
			);
			name = GettingStartedGithub;
			productName = GettingStartedGithub;
			productReference = 99938B0A1F26BDA000D5A5CC /* GettingStartedGithub.app */;
			productType = "com.apple.product-type.application";
		};
		99938B1D1F26BDA000D5A5CC /* GettingStartedGithubTests */ = {
			isa = PBXNativeTarget;
			buildConfigurationList = 99938B351F26BDA000D5A5CC /* Build configuration list for PBXNativeTarget "GettingStartedGithubTests" */;
			buildPhases = (
				99938B1A1F26BDA000D5A5CC /* Sources */,
				99938B1B1F26BDA000D5A5CC /* Frameworks */,
				99938B1C1F26BDA000D5A5CC /* Resources */,
			);
			buildRules = (
			);
			dependencies = (
				99938B201F26BDA000D5A5CC /* PBXTargetDependency */,
			);
			name = GettingStartedGithubTests;
			productName = GettingStartedGithubTests;
			productReference = 99938B1E1F26BDA000D5A5CC /* GettingStartedGithubTests.xctest */;
			productType = "com.apple.product-type.bundle.unit-test";
		};
		99938B281F26BDA000D5A5CC /* GettingStartedGithubUITests */ = {
			isa = PBXNativeTarget;
			buildConfigurationList = 99938B381F26BDA000D5A5CC /* Build configuration list for PBXNativeTarget "GettingStartedGithubUITests" */;
			buildPhases = (
				99938B251F26BDA000D5A5CC /* Sources */,
				99938B261F26BDA000D5A5CC /* Frameworks */,
				99938B271F26BDA000D5A5CC /* Resources */,
			);
			buildRules = (
			);
			dependencies = (
				99938B2B1F26BDA000D5A5CC /* PBXTargetDependency */,
			);
			name = GettingStartedGithubUITests;
			productName = GettingStartedGithubUITests;
			productReference = 99938B291F26BDA000D5A5CC /* GettingStartedGithubUITests.xctest */;
			productType = "com.apple.product-type.bundle.ui-testing";
		};
/* End PBXNativeTarget section */

/* Begin PBXProject section */
		99938B021F26BDA000D5A5CC /* Project object */ = {
			isa = PBXProject;
			attributes = {
				LastSwiftUpdateCheck = 0830;
				LastUpgradeCheck = 0830;
				ORGANIZATIONNAME = "Julio Vallejo";
				TargetAttributes = {
					99938B091F26BDA000D5A5CC = {
						CreatedOnToolsVersion = 8.3.3;
						ProvisioningStyle = Automatic;
					};
					99938B1D1F26BDA000D5A5CC = {
						CreatedOnToolsVersion = 8.3.3;
						ProvisioningStyle = Automatic;
						TestTargetID = 99938B091F26BDA000D5A5CC;
					};
					99938B281F26BDA000D5A5CC = {
						CreatedOnToolsVersion = 8.3.3;
						ProvisioningStyle = Automatic;
						TestTargetID = 99938B091F26BDA000D5A5CC;
					};
				};
			};
			buildConfigurationList = 99938B051F26BDA000D5A5CC /* Build configuration list for PBXProject "GettingStartedGithub" */;
			compatibilityVersion = "Xcode 3.2";
			developmentRegion = English;
			hasScannedForEncodings = 0;
			knownRegions = (
				en,
				Base,
			);
			mainGroup = 99938B011F26BDA000D5A5CC;
			productRefGroup = 99938B0B1F26BDA000D5A5CC /* Products */;
			projectDirPath = "";
			projectRoot = "";
			targets = (
				99938B091F26BDA000D5A5CC /* GettingStartedGithub */,
				99938B1D1F26BDA000D5A5CC /* GettingStartedGithubTests */,
				99938B281F26BDA000D5A5CC /* GettingStartedGithubUITests */,
			);
		};
/* End PBXProject section */

/* Begin PBXResourcesBuildPhase section */
		99938B081F26BDA000D5A5CC /* Resources */ = {
			isa = PBXResourcesBuildPhase;
			buildActionMask = 2147483647;
			files = (
				99938B181F26BDA000D5A5CC /* LaunchScreen.storyboard in Resources */,
				99938B151F26BDA000D5A5CC /* Assets.xcassets in Resources */,
				99938B131F26BDA000D5A5CC /* Main.storyboard in Resources */,
			);
			runOnlyForDeploymentPostprocessing = 0;
		};
		99938B1C1F26BDA000D5A5CC /* Resources */ = {
			isa = PBXResourcesBuildPhase;
			buildActionMask = 2147483647;
			files = (
			);
			runOnlyForDeploymentPostprocessing = 0;
		};
		99938B271F26BDA000D5A5CC /* Resources */ = {
			isa = PBXResourcesBuildPhase;
			buildActionMask = 2147483647;
			files = (
			);
			runOnlyForDeploymentPostprocessing = 0;
		};
/* End PBXResourcesBuildPhase section */

/* Begin PBXSourcesBuildPhase section */
		99938B061F26BDA000D5A5CC /* Sources */ = {
			isa = PBXSourcesBuildPhase;
			buildActionMask = 2147483647;
			files = (
				99938B101F26BDA000D5A5CC /* ViewController.swift in Sources */,
				99938B0E1F26BDA000D5A5CC /* AppDelegate.swift in Sources */,
			);
			runOnlyForDeploymentPostprocessing = 0;
		};
		99938B1A1F26BDA000D5A5CC /* Sources */ = {
			isa = PBXSourcesBuildPhase;
			buildActionMask = 2147483647;
			files = (
				99938B231F26BDA000D5A5CC /* GettingStartedGithubTests.swift in Sources */,
			);
			runOnlyForDeploymentPostprocessing = 0;
		};
		99938B251F26BDA000D5A5CC /* Sources */ = {
			isa = PBXSourcesBuildPhase;
			buildActionMask = 2147483647;
			files = (
				99938B2E1F26BDA000D5A5CC /* GettingStartedGithubUITests.swift in Sources */,
			);
			runOnlyForDeploymentPostprocessing = 0;
		};
/* End PBXSourcesBuildPhase section */

/* Begin PBXTargetDependency section */
		99938B201F26BDA000D5A5CC /* PBXTargetDependency */ = {
			isa = PBXTargetDependency;
			target = 99938B091F26BDA000D5A5CC /* GettingStartedGithub */;
			targetProxy = 99938B1F1F26BDA000D5A5CC /* PBXContainerItemProxy */;
		};
		99938B2B1F26BDA000D5A5CC /* PBXTargetDependency */ = {
			isa = PBXTargetDependency;
			target = 99938B091F26BDA000D5A5CC /* GettingStartedGithub */;
			targetProxy = 99938B2A1F26BDA000D5A5CC /* PBXContainerItemProxy */;
		};
/* End PBXTargetDependency section */

/* Begin PBXVariantGroup section */
		99938B111F26BDA000D5A5CC /* Main.storyboard */ = {
			isa = PBXVariantGroup;
			children = (
				99938B121F26BDA000D5A5CC /* Base */,
			);
			name = Main.storyboard;
			sourceTree = "<group>";
		};
		99938B161F26BDA000D5A5CC /* LaunchScreen.storyboard */ = {
			isa = PBXVariantGroup;
			children = (
				99938B171F26BDA000D5A5CC /* Base */,
			);
			name = LaunchScreen.storyboard;
			sourceTree = "<group>";
		};
/* End PBXVariantGroup section */

/* Begin XCBuildConfiguration section */
		99938B301F26BDA000D5A5CC /* Debug */ = {
			isa = XCBuildConfiguration;
			buildSettings = {
				ALWAYS_SEARCH_USER_PATHS = NO;
				CLANG_ANALYZER_NONNULL = YES;
				CLANG_ANALYZER_NUMBER_OBJECT_CONVERSION = YES_AGGRESSIVE;
				CLANG_CXX_LANGUAGE_STANDARD = "gnu++0x";
				CLANG_CXX_LIBRARY = "libc++";
				CLANG_ENABLE_MODULES = YES;
				CLANG_ENABLE_OBJC_ARC = YES;
				CLANG_WARN_BOOL_CONVERSION = YES;
				CLANG_WARN_CONSTANT_CONVERSION = YES;
				CLANG_WARN_DIRECT_OBJC_ISA_USAGE = YES_ERROR;
				CLANG_WARN_DOCUMENTATION_COMMENTS = YES;
				CLANG_WARN_EMPTY_BODY = YES;
				CLANG_WARN_ENUM_CONVERSION = YES;
				CLANG_WARN_INFINITE_RECURSION = YES;
				CLANG_WARN_INT_CONVERSION = YES;
				CLANG_WARN_OBJC_ROOT_CLASS = YES_ERROR;
				CLANG_WARN_SUSPICIOUS_MOVE = YES;
				CLANG_WARN_UNREACHABLE_CODE = YES;
				CLANG_WARN__DUPLICATE_METHOD_MATCH = YES;
				"CODE_SIGN_IDENTITY[sdk=iphoneos*]" = "iPhone Developer";
				COPY_PHASE_STRIP = NO;
				DEBUG_INFORMATION_FORMAT = dwarf;
				ENABLE_STRICT_OBJC_MSGSEND = YES;
				ENABLE_TESTABILITY = YES;
				GCC_C_LANGUAGE_STANDARD = gnu99;
				GCC_DYNAMIC_NO_PIC = NO;
				GCC_NO_COMMON_BLOCKS = YES;
				GCC_OPTIMIZATION_LEVEL = 0;
				GCC_PREPROCESSOR_DEFINITIONS = (
					"DEBUG=1",
					"$(inherited)",
				);
				GCC_WARN_64_TO_32_BIT_CONVERSION = YES;
				GCC_WARN_ABOUT_RETURN_TYPE = YES_ERROR;
				GCC_WARN_UNDECLARED_SELECTOR = YES;
				GCC_WARN_UNINITIALIZED_AUTOS = YES_AGGRESSIVE;
				GCC_WARN_UNUSED_FUNCTION = YES;
				GCC_WARN_UNUSED_VARIABLE = YES;
				IPHONEOS_DEPLOYMENT_TARGET = 10.3;
				MTL_ENABLE_DEBUG_INFO = YES;
				ONLY_ACTIVE_ARCH = YES;
				SDKROOT = iphoneos;
				SWIFT_ACTIVE_COMPILATION_CONDITIONS = DEBUG;
				SWIFT_OPTIMIZATION_LEVEL = "-Onone";
				TARGETED_DEVICE_FAMILY = "1,2";
			};
			name = Debug;
		};
		99938B311F26BDA000D5A5CC /* Release */ = {
			isa = XCBuildConfiguration;
			buildSettings = {
				ALWAYS_SEARCH_USER_PATHS = NO;
				CLANG_ANALYZER_NONNULL = YES;
				CLANG_ANALYZER_NUMBER_OBJECT_CONVERSION = YES_AGGRESSIVE;
				CLANG_CXX_LANGUAGE_STANDARD = "gnu++0x";
				CLANG_CXX_LIBRARY = "libc++";
				CLANG_ENABLE_MODULES = YES;
				CLANG_ENABLE_OBJC_ARC = YES;
				CLANG_WARN_BOOL_CONVERSION = YES;
				CLANG_WARN_CONSTANT_CONVERSION = YES;
				CLANG_WARN_DIRECT_OBJC_ISA_USAGE = YES_ERROR;
				CLANG_WARN_DOCUMENTATION_COMMENTS = YES;
				CLANG_WARN_EMPTY_BODY = YES;
				CLANG_WARN_ENUM_CONVERSION = YES;
				CLANG_WARN_INFINITE_RECURSION = YES;
				CLANG_WARN_INT_CONVERSION = YES;
				CLANG_WARN_OBJC_ROOT_CLASS = YES_ERROR;
				CLANG_WARN_SUSPICIOUS_MOVE = YES;
				CLANG_WARN_UNREACHABLE_CODE = YES;
				CLANG_WARN__DUPLICATE_METHOD_MATCH = YES;
				"CODE_SIGN_IDENTITY[sdk=iphoneos*]" = "iPhone Developer";
				COPY_PHASE_STRIP = NO;
				DEBUG_INFORMATION_FORMAT = "dwarf-with-dsym";
				ENABLE_NS_ASSERTIONS = NO;
				ENABLE_STRICT_OBJC_MSGSEND = YES;
				GCC_C_LANGUAGE_STANDARD = gnu99;
				GCC_NO_COMMON_BLOCKS = YES;
				GCC_WARN_64_TO_32_BIT_CONVERSION = YES;
				GCC_WARN_ABOUT_RETURN_TYPE = YES_ERROR;
				GCC_WARN_UNDECLARED_SELECTOR = YES;
				GCC_WARN_UNINITIALIZED_AUTOS = YES_AGGRESSIVE;
				GCC_WARN_UNUSED_FUNCTION = YES;
				GCC_WARN_UNUSED_VARIABLE = YES;
				IPHONEOS_DEPLOYMENT_TARGET = 10.3;
				MTL_ENABLE_DEBUG_INFO = NO;
				SDKROOT = iphoneos;
				SWIFT_OPTIMIZATION_LEVEL = "-Owholemodule";
				TARGETED_DEVICE_FAMILY = "1,2";
				VALIDATE_PRODUCT = YES;
			};
			name = Release;
		};
		99938B331F26BDA000D5A5CC /* Debug */ = {
			isa = XCBuildConfiguration;
			buildSettings = {
				ASSETCATALOG_COMPILER_APPICON_NAME = AppIcon;
				INFOPLIST_FILE = GettingStartedGithub/Info.plist;
				LD_RUNPATH_SEARCH_PATHS = "$(inherited) @executable_path/Frameworks";
				PRODUCT_BUNDLE_IDENTIFIER = "Maple-Leaf-Foods.GettingStartedGithub";
				PRODUCT_NAME = "$(TARGET_NAME)";
				SWIFT_VERSION = 3.0;
			};
			name = Debug;
		};
		99938B341F26BDA000D5A5CC /* Release */ = {
			isa = XCBuildConfiguration;
			buildSettings = {
				ASSETCATALOG_COMPILER_APPICON_NAME = AppIcon;
				INFOPLIST_FILE = GettingStartedGithub/Info.plist;
				LD_RUNPATH_SEARCH_PATHS = "$(inherited) @executable_path/Frameworks";
				PRODUCT_BUNDLE_IDENTIFIER = "Maple-Leaf-Foods.GettingStartedGithub";
				PRODUCT_NAME = "$(TARGET_NAME)";
				SWIFT_VERSION = 3.0;
			};
			name = Release;
		};
		99938B361F26BDA000D5A5CC /* Debug */ = {
			isa = XCBuildConfiguration;
			buildSettings = {
				ALWAYS_EMBED_SWIFT_STANDARD_LIBRARIES = YES;
				BUNDLE_LOADER = "$(TEST_HOST)";
				INFOPLIST_FILE = GettingStartedGithubTests/Info.plist;
				LD_RUNPATH_SEARCH_PATHS = "$(inherited) @executable_path/Frameworks @loader_path/Frameworks";
				PRODUCT_BUNDLE_IDENTIFIER = "Maple-Leaf-Foods.GettingStartedGithubTests";
				PRODUCT_NAME = "$(TARGET_NAME)";
				SWIFT_VERSION = 3.0;
				TEST_HOST = "$(BUILT_PRODUCTS_DIR)/GettingStartedGithub.app/GettingStartedGithub";
			};
			name = Debug;
		};
		99938B371F26BDA000D5A5CC /* Release */ = {
			isa = XCBuildConfiguration;
			buildSettings = {
				ALWAYS_EMBED_SWIFT_STANDARD_LIBRARIES = YES;
				BUNDLE_LOADER = "$(TEST_HOST)";
				INFOPLIST_FILE = GettingStartedGithubTests/Info.plist;
				LD_RUNPATH_SEARCH_PATHS = "$(inherited) @executable_path/Frameworks @loader_path/Frameworks";
				PRODUCT_BUNDLE_IDENTIFIER = "Maple-Leaf-Foods.GettingStartedGithubTests";
				PRODUCT_NAME = "$(TARGET_NAME)";
				SWIFT_VERSION = 3.0;
				TEST_HOST = "$(BUILT_PRODUCTS_DIR)/GettingStartedGithub.app/GettingStartedGithub";
			};
			name = Release;
		};
		99938B391F26BDA000D5A5CC /* Debug */ = {
			isa = XCBuildConfiguration;
			buildSettings = {
				ALWAYS_EMBED_SWIFT_STANDARD_LIBRARIES = YES;
				INFOPLIST_FILE = GettingStartedGithubUITests/Info.plist;
				LD_RUNPATH_SEARCH_PATHS = "$(inherited) @executable_path/Frameworks @loader_path/Frameworks";
				PRODUCT_BUNDLE_IDENTIFIER = "Maple-Leaf-Foods.GettingStartedGithubUITests";
				PRODUCT_NAME = "$(TARGET_NAME)";
				SWIFT_VERSION = 3.0;
				TEST_TARGET_NAME = GettingStartedGithub;
			};
			name = Debug;
		};
		99938B3A1F26BDA000D5A5CC /* Release */ = {
			isa = XCBuildConfiguration;
			buildSettings = {
				ALWAYS_EMBED_SWIFT_STANDARD_LIBRARIES = YES;
				INFOPLIST_FILE = GettingStartedGithubUITests/Info.plist;
				LD_RUNPATH_SEARCH_PATHS = "$(inherited) @executable_path/Frameworks @loader_path/Frameworks";
				PRODUCT_BUNDLE_IDENTIFIER = "Maple-Leaf-Foods.GettingStartedGithubUITests";
				PRODUCT_NAME = "$(TARGET_NAME)";
				SWIFT_VERSION = 3.0;
				TEST_TARGET_NAME = GettingStartedGithub;
			};
			name = Release;
		};
/* End XCBuildConfiguration section */

/* Begin XCConfigurationList section */
		99938B051F26BDA000D5A5CC /* Build configuration list for PBXProject "GettingStartedGithub" */ = {
			isa = XCConfigurationList;
			buildConfigurations = (
				99938B301F26BDA000D5A5CC /* Debug */,
				99938B311F26BDA000D5A5CC /* Release */,
			);
			defaultConfigurationIsVisible = 0;
			defaultConfigurationName = Release;
		};
		99938B321F26BDA000D5A5CC /* Build configuration list for PBXNativeTarget "GettingStartedGithub" */ = {
			isa = XCConfigurationList;
			buildConfigurations = (
				99938B331F26BDA000D5A5CC /* Debug */,
				99938B341F26BDA000D5A5CC /* Release */,
			);
			defaultConfigurationIsVisible = 0;
		};
		99938B351F26BDA000D5A5CC /* Build configuration list for PBXNativeTarget "GettingStartedGithubTests" */ = {
			isa = XCConfigurationList;
			buildConfigurations = (
				99938B361F26BDA000D5A5CC /* Debug */,
				99938B371F26BDA000D5A5CC /* Release */,
			);
			defaultConfigurationIsVisible = 0;
		};
		99938B381F26BDA000D5A5CC /* Build configuration list for PBXNativeTarget "GettingStartedGithubUITests" */ = {
			isa = XCConfigurationList;
			buildConfigurations = (
				99938B391F26BDA000D5A5CC /* Debug */,
				99938B3A1F26BDA000D5A5CC /* Release */,
			);
			defaultConfigurationIsVisible = 0;
		};
/* End XCConfigurationList section */
	};
	rootObject = 99938B021F26BDA000D5A5CC /* Project object */;
}
